
Microsoft Visual Studio Solution File, Format Version 12.00
# Visual Studio 15
Project("{FAE04EC0-301F-11D3-BF4B-00C04F79EFBC}") = "Assembly-CSharp", "Assembly-CSharp.csproj", "{A5CECFB2-D653-D19D-1C0E-6DD660AE3378}"
EndProject
Global
	GlobalSection(SolutionConfigurationPlatforms) = preSolution
		Debug|Any CPU = Debug|Any CPU
		Release|Any CPU = Release|Any CPU
	EndGlobalSection
	GlobalSection(ProjectConfigurationPlatforms) = postSolution
		{A5CECFB2-D653-D19D-1C0E-6DD660AE3378}.Debug|Any CPU.ActiveCfg = Debug|Any CPU
		{A5CECFB2-D653-D19D-1C0E-6DD660AE3378}.Debug|Any CPU.Build.0 = Debug|Any CPU
		{A5CECFB2-D653-D19D-1C0E-6DD660AE3378}.Release|Any CPU.ActiveCfg = Release|Any CPU
		{A5CECFB2-D653-D19D-1C0E-6DD660AE3378}.Release|Any CPU.Build.0 = Release|Any CPU
	EndGlobalSection
	GlobalSection(SolutionProperties) = preSolution
		HideSolutionNode = FALSE
	EndGlobalSection
EndGlobal
